
Microsoft Visual Studio Solution File, Format Version 12.00
# Visual Studio Version 17
VisualStudioVersion = 17.12.35527.113
MinimumVisualStudioVersion = 10.0.40219.1
Project("{FAE04EC0-301F-11D3-BF4B-00C04F79EFBC}") = "CustomerManagement", "Src\CustomerManagement\CustomerManagement.csproj", "{35830227-0721-4E1F-9AEB-34B636976AAA}"
EndProject
Project("{FAE04EC0-301F-11D3-BF4B-00C04F79EFBC}") = "CustomerManagement.Test", "Test\CustomerManagement.Test\CustomerManagement.Test.csproj", "{DE99F0FE-8D34-4D29-9F34-DAF26908A3D3}"
EndProject
Project("{FAE04EC0-301F-11D3-BF4B-00C04F79EFBC}") = "CDB", "Src\CDB\CDB.csproj", "{E275C3D4-97E7-42B6-A7F8-31567179A828}"
EndProject
Project("{FAE04EC0-301F-11D3-BF4B-00C04F79EFBC}") = "CDB.Test", "Test\CDB.Test\CDB.Test.csproj", "{8BD22AE7-5F70-4845-98BB-F8CA12E01F83}"
EndProject
Project("{2150E333-8FDC-42A3-9474-1A3956D46DE8}") = "Solution Items", "Solution Items", "{5D5C0226-B9CF-4744-B8E0-0A3C9C58D72A}"
	ProjectSection(SolutionItems) = preProject
		.editorconfig = .editorconfig
	EndProjectSection
EndProject
Global
	GlobalSection(SolutionConfigurationPlatforms) = preSolution
		Debug|Any CPU = Debug|Any CPU
		Release|Any CPU = Release|Any CPU
	EndGlobalSection
	GlobalSection(ProjectConfigurationPlatforms) = postSolution
		{35830227-0721-4E1F-9AEB-34B636976AAA}.Debug|Any CPU.ActiveCfg = Debug|Any CPU
		{35830227-0721-4E1F-9AEB-34B636976AAA}.Debug|Any CPU.Build.0 = Debug|Any CPU
		{35830227-0721-4E1F-9AEB-34B636976AAA}.Release|Any CPU.ActiveCfg = Release|Any CPU
		{35830227-0721-4E1F-9AEB-34B636976AAA}.Release|Any CPU.Build.0 = Release|Any CPU
		{DE99F0FE-8D34-4D29-9F34-DAF26908A3D3}.Debug|Any CPU.ActiveCfg = Debug|Any CPU
		{DE99F0FE-8D34-4D29-9F34-DAF26908A3D3}.Debug|Any CPU.Build.0 = Debug|Any CPU
		{DE99F0FE-8D34-4D29-9F34-DAF26908A3D3}.Release|Any CPU.ActiveCfg = Release|Any CPU
		{DE99F0FE-8D34-4D29-9F34-DAF26908A3D3}.Release|Any CPU.Build.0 = Release|Any CPU
		{E275C3D4-97E7-42B6-A7F8-31567179A828}.Debug|Any CPU.ActiveCfg = Debug|Any CPU
		{E275C3D4-97E7-42B6-A7F8-31567179A828}.Debug|Any CPU.Build.0 = Debug|Any CPU
		{E275C3D4-97E7-42B6-A7F8-31567179A828}.Release|Any CPU.ActiveCfg = Release|Any CPU
		{E275C3D4-97E7-42B6-A7F8-31567179A828}.Release|Any CPU.Build.0 = Release|Any CPU
		{8BD22AE7-5F70-4845-98BB-F8CA12E01F83}.Debug|Any CPU.ActiveCfg = Debug|Any CPU
		{8BD22AE7-5F70-4845-98BB-F8CA12E01F83}.Debug|Any CPU.Build.0 = Debug|Any CPU
		{8BD22AE7-5F70-4845-98BB-F8CA12E01F83}.Release|Any CPU.ActiveCfg = Release|Any CPU
		{8BD22AE7-5F70-4845-98BB-F8CA12E01F83}.Release|Any CPU.Build.0 = Release|Any CPU
	EndGlobalSection
	GlobalSection(SolutionProperties) = preSolution
		HideSolutionNode = FALSE
	EndGlobalSection
EndGlobal
